
Microsoft Visual Studio Solution File, Format Version 12.00
# Visual Studio Version 16
VisualStudioVersion = 16.0.33529.622
MinimumVisualStudioVersion = 10.0.40219.1
Project("{8BC9CEB8-8B4A-11D0-8D11-00A0C91BC942}") = "230608", "230608.vcxproj", "{B8A922E8-E554-4987-B246-0B2C2CFA42CF}"
EndProject
Global
	GlobalSection(SolutionConfigurationPlatforms) = preSolution
		Debug|x64 = Debug|x64
		Debug|x86 = Debug|x86
		Release|x64 = Release|x64
		Release|x86 = Release|x86
	EndGlobalSection
	GlobalSection(ProjectConfigurationPlatforms) = postSolution
		{B8A922E8-E554-4987-B246-0B2C2CFA42CF}.Debug|x64.ActiveCfg = Debug|x64
		{B8A922E8-E554-4987-B246-0B2C2CFA42CF}.Debug|x64.Build.0 = Debug|x64
		{B8A922E8-E554-4987-B246-0B2C2CFA42CF}.Debug|x86.ActiveCfg = Debug|Win32
		{B8A922E8-E554-4987-B246-0B2C2CFA42CF}.Debug|x86.Build.0 = Debug|Win32
		{B8A922E8-E554-4987-B246-0B2C2CFA42CF}.Release|x64.ActiveCfg = Release|x64
		{B8A922E8-E554-4987-B246-0B2C2CFA42CF}.Release|x64.Build.0 = Release|x64
		{B8A922E8-E554-4987-B246-0B2C2CFA42CF}.Release|x86.ActiveCfg = Release|Win32
		{B8A922E8-E554-4987-B246-0B2C2CFA42CF}.Release|x86.Build.0 = Release|Win32
	EndGlobalSection
	GlobalSection(SolutionProperties) = preSolution
		HideSolutionNode = FALSE
	EndGlobalSection
	GlobalSection(ExtensibilityGlobals) = postSolution
		SolutionGuid = {11A94C16-033C-4E01-A056-8788401FEB7F}
	EndGlobalSection
EndGlobal
