
Microsoft Visual Studio Solution File, Format Version 12.00
# Visual Studio Version 16
VisualStudioVersion = 16.0.33529.622
MinimumVisualStudioVersion = 10.0.40219.1
Project("{8BC9CEB8-8B4A-11D0-8D11-00A0C91BC942}") = "230428", "230428.vcxproj", "{D8158AC6-20C3-4C87-BFEF-6E1AD2377C0E}"
EndProject
Global
	GlobalSection(SolutionConfigurationPlatforms) = preSolution
		Debug|x64 = Debug|x64
		Debug|x86 = Debug|x86
		Release|x64 = Release|x64
		Release|x86 = Release|x86
	EndGlobalSection
	GlobalSection(ProjectConfigurationPlatforms) = postSolution
		{D8158AC6-20C3-4C87-BFEF-6E1AD2377C0E}.Debug|x64.ActiveCfg = Debug|x64
		{D8158AC6-20C3-4C87-BFEF-6E1AD2377C0E}.Debug|x64.Build.0 = Debug|x64
		{D8158AC6-20C3-4C87-BFEF-6E1AD2377C0E}.Debug|x86.ActiveCfg = Debug|Win32
		{D8158AC6-20C3-4C87-BFEF-6E1AD2377C0E}.Debug|x86.Build.0 = Debug|Win32
		{D8158AC6-20C3-4C87-BFEF-6E1AD2377C0E}.Release|x64.ActiveCfg = Release|x64
		{D8158AC6-20C3-4C87-BFEF-6E1AD2377C0E}.Release|x64.Build.0 = Release|x64
		{D8158AC6-20C3-4C87-BFEF-6E1AD2377C0E}.Release|x86.ActiveCfg = Release|Win32
		{D8158AC6-20C3-4C87-BFEF-6E1AD2377C0E}.Release|x86.Build.0 = Release|Win32
	EndGlobalSection
	GlobalSection(SolutionProperties) = preSolution
		HideSolutionNode = FALSE
	EndGlobalSection
	GlobalSection(ExtensibilityGlobals) = postSolution
		SolutionGuid = {2EDB48A7-AFF0-48F3-B410-F3B46EED1E45}
	EndGlobalSection
EndGlobal
