
Microsoft Visual Studio Solution File, Format Version 12.00
# Visual Studio Version 16
VisualStudioVersion = 16.0.33529.622
MinimumVisualStudioVersion = 10.0.40219.1
Project("{8BC9CEB8-8B4A-11D0-8D11-00A0C91BC942}") = "230515", "230515.vcxproj", "{5A4B70CF-A9A4-40C6-B7F6-CA66346205EC}"
EndProject
Global
	GlobalSection(SolutionConfigurationPlatforms) = preSolution
		Debug|x64 = Debug|x64
		Debug|x86 = Debug|x86
		Release|x64 = Release|x64
		Release|x86 = Release|x86
	EndGlobalSection
	GlobalSection(ProjectConfigurationPlatforms) = postSolution
		{5A4B70CF-A9A4-40C6-B7F6-CA66346205EC}.Debug|x64.ActiveCfg = Debug|x64
		{5A4B70CF-A9A4-40C6-B7F6-CA66346205EC}.Debug|x64.Build.0 = Debug|x64
		{5A4B70CF-A9A4-40C6-B7F6-CA66346205EC}.Debug|x86.ActiveCfg = Debug|Win32
		{5A4B70CF-A9A4-40C6-B7F6-CA66346205EC}.Debug|x86.Build.0 = Debug|Win32
		{5A4B70CF-A9A4-40C6-B7F6-CA66346205EC}.Release|x64.ActiveCfg = Release|x64
		{5A4B70CF-A9A4-40C6-B7F6-CA66346205EC}.Release|x64.Build.0 = Release|x64
		{5A4B70CF-A9A4-40C6-B7F6-CA66346205EC}.Release|x86.ActiveCfg = Release|Win32
		{5A4B70CF-A9A4-40C6-B7F6-CA66346205EC}.Release|x86.Build.0 = Release|Win32
	EndGlobalSection
	GlobalSection(SolutionProperties) = preSolution
		HideSolutionNode = FALSE
	EndGlobalSection
	GlobalSection(ExtensibilityGlobals) = postSolution
		SolutionGuid = {9BCE011B-A640-4D8A-8BF3-A14F4FC02E42}
	EndGlobalSection
EndGlobal
