
Microsoft Visual Studio Solution File, Format Version 12.00
# Visual Studio Version 16
VisualStudioVersion = 16.0.30717.126
MinimumVisualStudioVersion = 10.0.40219.1
Project("{8BC9CEB8-8B4A-11D0-8D11-00A0C91BC942}") = "ex12-10~21", "ex12-10~21.vcxproj", "{CA0F1D1F-EC71-4362-8AE5-D69ED11959E2}"
EndProject
Global
	GlobalSection(SolutionConfigurationPlatforms) = preSolution
		Debug|x64 = Debug|x64
		Debug|x86 = Debug|x86
		Release|x64 = Release|x64
		Release|x86 = Release|x86
	EndGlobalSection
	GlobalSection(ProjectConfigurationPlatforms) = postSolution
		{CA0F1D1F-EC71-4362-8AE5-D69ED11959E2}.Debug|x64.ActiveCfg = Debug|x64
		{CA0F1D1F-EC71-4362-8AE5-D69ED11959E2}.Debug|x64.Build.0 = Debug|x64
		{CA0F1D1F-EC71-4362-8AE5-D69ED11959E2}.Debug|x86.ActiveCfg = Debug|Win32
		{CA0F1D1F-EC71-4362-8AE5-D69ED11959E2}.Debug|x86.Build.0 = Debug|Win32
		{CA0F1D1F-EC71-4362-8AE5-D69ED11959E2}.Release|x64.ActiveCfg = Release|x64
		{CA0F1D1F-EC71-4362-8AE5-D69ED11959E2}.Release|x64.Build.0 = Release|x64
		{CA0F1D1F-EC71-4362-8AE5-D69ED11959E2}.Release|x86.ActiveCfg = Release|Win32
		{CA0F1D1F-EC71-4362-8AE5-D69ED11959E2}.Release|x86.Build.0 = Release|Win32
	EndGlobalSection
	GlobalSection(SolutionProperties) = preSolution
		HideSolutionNode = FALSE
	EndGlobalSection
	GlobalSection(ExtensibilityGlobals) = postSolution
		SolutionGuid = {16DC48A0-1100-47FF-A3A4-97A6AE36EC71}
	EndGlobalSection
EndGlobal
