
Microsoft Visual Studio Solution File, Format Version 12.00
# Visual Studio Version 16
VisualStudioVersion = 16.0.30907.101
MinimumVisualStudioVersion = 10.0.40219.1
Project("{8BC9CEB8-8B4A-11D0-8D11-00A0C91BC942}") = "ex16-13", "ex16-13.vcxproj", "{34CBD5F7-652C-417F-8BB2-364BB288B370}"
EndProject
Global
	GlobalSection(SolutionConfigurationPlatforms) = preSolution
		Debug|x64 = Debug|x64
		Debug|x86 = Debug|x86
		Release|x64 = Release|x64
		Release|x86 = Release|x86
	EndGlobalSection
	GlobalSection(ProjectConfigurationPlatforms) = postSolution
		{34CBD5F7-652C-417F-8BB2-364BB288B370}.Debug|x64.ActiveCfg = Debug|x64
		{34CBD5F7-652C-417F-8BB2-364BB288B370}.Debug|x64.Build.0 = Debug|x64
		{34CBD5F7-652C-417F-8BB2-364BB288B370}.Debug|x86.ActiveCfg = Debug|Win32
		{34CBD5F7-652C-417F-8BB2-364BB288B370}.Debug|x86.Build.0 = Debug|Win32
		{34CBD5F7-652C-417F-8BB2-364BB288B370}.Release|x64.ActiveCfg = Release|x64
		{34CBD5F7-652C-417F-8BB2-364BB288B370}.Release|x64.Build.0 = Release|x64
		{34CBD5F7-652C-417F-8BB2-364BB288B370}.Release|x86.ActiveCfg = Release|Win32
		{34CBD5F7-652C-417F-8BB2-364BB288B370}.Release|x86.Build.0 = Release|Win32
	EndGlobalSection
	GlobalSection(SolutionProperties) = preSolution
		HideSolutionNode = FALSE
	EndGlobalSection
	GlobalSection(ExtensibilityGlobals) = postSolution
		SolutionGuid = {5D120108-13DF-4FAA-9C07-02E99F59F63B}
	EndGlobalSection
EndGlobal
