
Microsoft Visual Studio Solution File, Format Version 12.00
# Visual Studio Version 16
VisualStudioVersion = 16.0.30717.126
MinimumVisualStudioVersion = 10.0.40219.1
Project("{8BC9CEB8-8B4A-11D0-8D11-00A0C91BC942}") = "3_22", "3_22.vcxproj", "{6A54793D-39E6-4671-B7A7-5C0954F07121}"
EndProject
Global
	GlobalSection(SolutionConfigurationPlatforms) = preSolution
		Debug|x64 = Debug|x64
		Debug|x86 = Debug|x86
		Release|x64 = Release|x64
		Release|x86 = Release|x86
	EndGlobalSection
	GlobalSection(ProjectConfigurationPlatforms) = postSolution
		{6A54793D-39E6-4671-B7A7-5C0954F07121}.Debug|x64.ActiveCfg = Debug|x64
		{6A54793D-39E6-4671-B7A7-5C0954F07121}.Debug|x64.Build.0 = Debug|x64
		{6A54793D-39E6-4671-B7A7-5C0954F07121}.Debug|x86.ActiveCfg = Debug|Win32
		{6A54793D-39E6-4671-B7A7-5C0954F07121}.Debug|x86.Build.0 = Debug|Win32
		{6A54793D-39E6-4671-B7A7-5C0954F07121}.Release|x64.ActiveCfg = Release|x64
		{6A54793D-39E6-4671-B7A7-5C0954F07121}.Release|x64.Build.0 = Release|x64
		{6A54793D-39E6-4671-B7A7-5C0954F07121}.Release|x86.ActiveCfg = Release|Win32
		{6A54793D-39E6-4671-B7A7-5C0954F07121}.Release|x86.Build.0 = Release|Win32
	EndGlobalSection
	GlobalSection(SolutionProperties) = preSolution
		HideSolutionNode = FALSE
	EndGlobalSection
	GlobalSection(ExtensibilityGlobals) = postSolution
		SolutionGuid = {F9650211-1CA8-4A3B-88EF-DBF51061ADFC}
	EndGlobalSection
EndGlobal
